// !$*UTF8*$!
{
	archiveVersion = 1;
	classes = {
	};
	objectVersion = 51;
	objects = {

/* Begin PBXBuildFile section */
		9281090F9494046D3CB2A141 /* Pods_SnowRental.framework in Frameworks */ = {isa = PBXBuildFile; fileRef = 109D7D871265E26A5E4DDE32 /* Pods_SnowRental.framework */; };
		B319DF1623FB4A0000B2A8D0 /* DesignFilterViewCell.swift in Sources */ = {isa = PBXBuildFile; fileRef = B319DF1523FB4A0000B2A8D0 /* DesignFilterViewCell.swift */; };
		B319DF1823FB4CBE00B2A8D0 /* FiltersManager.swift in Sources */ = {isa = PBXBuildFile; fileRef = B319DF1723FB4CBE00B2A8D0 /* FiltersManager.swift */; };
		B319DF1A23FBA13400B2A8D0 /* TagsViewController.swift in Sources */ = {isa = PBXBuildFile; fileRef = B319DF1923FBA13400B2A8D0 /* TagsViewController.swift */; };
		B319DF1C23FBC25100B2A8D0 /* UploadConfirmViewController.swift in Sources */ = {isa = PBXBuildFile; fileRef = B319DF1B23FBC25100B2A8D0 /* UploadConfirmViewController.swift */; };
		B34AFB0723F90F1400D765FD /* ChangeEmailViewController.swift in Sources */ = {isa = PBXBuildFile; fileRef = B34AFB0623F90F1400D765FD /* ChangeEmailViewController.swift */; };
		B34AFB0923F918FB00D765FD /* ApiKeys.swift in Sources */ = {isa = PBXBuildFile; fileRef = B34AFB0823F918FB00D765FD /* ApiKeys.swift */; };
		B34AFB0B23F932B200D765FD /* SearchCell.swift in Sources */ = {isa = PBXBuildFile; fileRef = B34AFB0A23F932B200D765FD /* SearchCell.swift */; };
		B34AFB0D23F9432000D765FD /* MovieViewController.swift in Sources */ = {isa = PBXBuildFile; fileRef = B34AFB0C23F9432000D765FD /* MovieViewController.swift */; };
		B34AFB0F23F9F2AE00D765FD /* DesignManager.swift in Sources */ = {isa = PBXBuildFile; fileRef = B34AFB0E23F9F2AE00D765FD /* DesignManager.swift */; };
		B34AFB1123FA199B00D765FD /* ShopDesignCell.swift in Sources */ = {isa = PBXBuildFile; fileRef = B34AFB1023FA199B00D765FD /* ShopDesignCell.swift */; };
		B34AFB1723FA1B7F00D765FD /* ImageHelpers.swift in Sources */ = {isa = PBXBuildFile; fileRef = B34AFB1623FA1B7F00D765FD /* ImageHelpers.swift */; };
		B34AFB1923FA233900D765FD /* Design.storyboard in Resources */ = {isa = PBXBuildFile; fileRef = B34AFB1823FA233900D765FD /* Design.storyboard */; };
		B34AFB1C23FA555300D765FD /* CameraViewController.swift in Sources */ = {isa = PBXBuildFile; fileRef = B34AFB1B23FA555300D765FD /* CameraViewController.swift */; };
		B34AFB1E23FA641200D765FD /* PreviewPhotoViewController.swift in Sources */ = {isa = PBXBuildFile; fileRef = B34AFB1D23FA641200D765FD /* PreviewPhotoViewController.swift */; };
		B34AFB2523FA7EC700D765FD /* LibraryViewController.swift in Sources */ = {isa = PBXBuildFile; fileRef = B34AFB2423FA7EC700D765FD /* LibraryViewController.swift */; };
		B36444A02405FC2600E742A1 /* OrdersTableViewController.swift in Sources */ = {isa = PBXBuildFile; fileRef = B364449F2405FC2600E742A1 /* OrdersTableViewController.swift */; };
		B36444A22405FE4000E742A1 /* OrdersManager.swift in Sources */ = {isa = PBXBuildFile; fileRef = B36444A12405FE4000E742A1 /* OrdersManager.swift */; };
		B36444A4240607C800E742A1 /* OrderCell.swift in Sources */ = {isa = PBXBuildFile; fileRef = B36444A3240607C800E742A1 /* OrderCell.swift */; };
		B3699DDF24020AFC001D495D /* Design.swift in Sources */ = {isa = PBXBuildFile; fileRef = B3699DDE24020AFC001D495D /* Design.swift */; };
		B3699DE424037E4C001D495D /* CheckoutShippingDetailsViewController.swift in Sources */ = {isa = PBXBuildFile; fileRef = B3699DE324037E4C001D495D /* CheckoutShippingDetailsViewController.swift */; };
		B3699DE624039EFD001D495D /* Order.swift in Sources */ = {isa = PBXBuildFile; fileRef = B3699DE524039EFD001D495D /* Order.swift */; };
		B3699DE82403A696001D495D /* CheckoutPaymentViewController.swift in Sources */ = {isa = PBXBuildFile; fileRef = B3699DE72403A696001D495D /* CheckoutPaymentViewController.swift */; };
		B36B0D3A2404AA6E00C8D6CC /* CheckoutSubmitPaymentViewController.swift in Sources */ = {isa = PBXBuildFile; fileRef = B36B0D392404AA6E00C8D6CC /* CheckoutSubmitPaymentViewController.swift */; };
		B36B0D3C2405CD1900C8D6CC /* CardsManager.swift in Sources */ = {isa = PBXBuildFile; fileRef = B36B0D3B2405CD1900C8D6CC /* CardsManager.swift */; };
		B36B0D3E2405F31800C8D6CC /* Orders.storyboard in Resources */ = {isa = PBXBuildFile; fileRef = B36B0D3D2405F31800C8D6CC /* Orders.storyboard */; };
		B3864B4B23F87710005695E8 /* Authentication.storyboard in Resources */ = {isa = PBXBuildFile; fileRef = B3864B4A23F87710005695E8 /* Authentication.storyboard */; };
		B3864B5423F879DC005695E8 /* UsersManager.swift in Sources */ = {isa = PBXBuildFile; fileRef = B3864B5323F879DC005695E8 /* UsersManager.swift */; };
		B3864B5723F87B7D005695E8 /* User.swift in Sources */ = {isa = PBXBuildFile; fileRef = B3864B5623F87B7D005695E8 /* User.swift */; };
		B3864B5B23F89F72005695E8 /* FirebaseNodes.swift in Sources */ = {isa = PBXBuildFile; fileRef = B3864B5A23F89F72005695E8 /* FirebaseNodes.swift */; };
		B3864B5D23F8A9B2005695E8 /* MoviesManager.swift in Sources */ = {isa = PBXBuildFile; fileRef = B3864B5C23F8A9B2005695E8 /* MoviesManager.swift */; };
		B3864B5F23F8B420005695E8 /* LoginViewController.swift in Sources */ = {isa = PBXBuildFile; fileRef = B3864B5E23F8B420005695E8 /* LoginViewController.swift */; };
		B3864B6123F8D2E3005695E8 /* AccountViewController.swift in Sources */ = {isa = PBXBuildFile; fileRef = B3864B6023F8D2E3005695E8 /* AccountViewController.swift */; };
		B3864B6323F8DE8E005695E8 /* ContactInfoViewController.swift in Sources */ = {isa = PBXBuildFile; fileRef = B3864B6223F8DE8E005695E8 /* ContactInfoViewController.swift */; };
		B3864B6523F8E1F1005695E8 /* Profile.storyboard in Resources */ = {isa = PBXBuildFile; fileRef = B3864B6423F8E1F1005695E8 /* Profile.storyboard */; };
		B3864B6723F90041005695E8 /* ChangePasswordViewController.swift in Sources */ = {isa = PBXBuildFile; fileRef = B3864B6623F90041005695E8 /* ChangePasswordViewController.swift */; };
		B397450523F4F93900604316 /* AppDelegate.swift in Sources */ = {isa = PBXBuildFile; fileRef = B397450423F4F93900604316 /* AppDelegate.swift */; };
		B397450723F4F93900604316 /* SceneDelegate.swift in Sources */ = {isa = PBXBuildFile; fileRef = B397450623F4F93900604316 /* SceneDelegate.swift */; };
		B397450E23F4F93900604316 /* Main.storyboard in Resources */ = {isa = PBXBuildFile; fileRef = B397450C23F4F93900604316 /* Main.storyboard */; };
		B397451123F4F93900604316 /* SnowRental.xcdatamodeld in Sources */ = {isa = PBXBuildFile; fileRef = B397450F23F4F93900604316 /* SnowRental.xcdatamodeld */; };
		B397451323F4F93A00604316 /* Assets.xcassets in Resources */ = {isa = PBXBuildFile; fileRef = B397451223F4F93A00604316 /* Assets.xcassets */; };
		B397451623F4F93A00604316 /* LaunchScreen.storyboard in Resources */ = {isa = PBXBuildFile; fileRef = B397451423F4F93A00604316 /* LaunchScreen.storyboard */; };
		B397452123F4F93A00604316 /* SnowRentalTests.swift in Sources */ = {isa = PBXBuildFile; fileRef = B397452023F4F93A00604316 /* SnowRentalTests.swift */; };
		B397452C23F4F93A00604316 /* SnowRentalUITests.swift in Sources */ = {isa = PBXBuildFile; fileRef = B397452B23F4F93A00604316 /* SnowRentalUITests.swift */; };
		B397453A23F5DA8200604316 /* ProfileViewController.swift in Sources */ = {isa = PBXBuildFile; fileRef = B397453923F5DA8200604316 /* ProfileViewController.swift */; };
		B397453C23F5F7A400604316 /* SearchViewController.swift in Sources */ = {isa = PBXBuildFile; fileRef = B397453B23F5F7A400604316 /* SearchViewController.swift */; };
		B397453E23F72F8A00604316 /* YouMightLikeCell.swift in Sources */ = {isa = PBXBuildFile; fileRef = B397453D23F72F8A00604316 /* YouMightLikeCell.swift */; };
		B3C3495823F7E09400B061E9 /* SignUpViewController.swift in Sources */ = {isa = PBXBuildFile; fileRef = B3C3495723F7E09400B061E9 /* SignUpViewController.swift */; };
		B3CEC85A23F7A19300333178 /* SearchTableViewController.swift in Sources */ = {isa = PBXBuildFile; fileRef = B3CEC85923F7A19300333178 /* SearchTableViewController.swift */; };
		B3CEC85C23F7BA3000333178 /* NotAuthenticatedViewController.swift in Sources */ = {isa = PBXBuildFile; fileRef = B3CEC85B23F7BA3000333178 /* NotAuthenticatedViewController.swift */; };
		B3CEC85E23F7C5D100333178 /* GoogleService-Info.plist in Resources */ = {isa = PBXBuildFile; fileRef = B3CEC85D23F7C5D100333178 /* GoogleService-Info.plist */; };
		B3D69F2E23FDEC10007D5C0F /* ConfirmOrderViewController.swift in Sources */ = {isa = PBXBuildFile; fileRef = B3D69F2D23FDEC10007D5C0F /* ConfirmOrderViewController.swift */; };
		B3D69F3023FE0B9A007D5C0F /* PaymentSettingsViewController.swift in Sources */ = {isa = PBXBuildFile; fileRef = B3D69F2F23FE0B9A007D5C0F /* PaymentSettingsViewController.swift */; };
		B3D69F3723FE236E007D5C0F /* String.swift in Sources */ = {isa = PBXBuildFile; fileRef = B3D69F3623FE236E007D5C0F /* String.swift */; };
		B3D69F3923FE2416007D5C0F /* UITextField.swift in Sources */ = {isa = PBXBuildFile; fileRef = B3D69F3823FE2416007D5C0F /* UITextField.swift */; };
		B3DC904223FF4C880030B330 /* MyAPIClient.swift in Sources */ = {isa = PBXBuildFile; fileRef = B3DC904123FF4C880030B330 /* MyAPIClient.swift */; };
		BEF51C1B6BA73D8C09D07121 /* Pods_SnowRentalTests.framework in Frameworks */ = {isa = PBXBuildFile; fileRef = A0FD9C705C50C3DB76EB5C9F /* Pods_SnowRentalTests.framework */; };
		DDA85522369A8B5D0B228935 /* Pods_SnowRental_SnowRentalUITests.framework in Frameworks */ = {isa = PBXBuildFile; fileRef = 1082E6E9076A3B3DB70C332A /* Pods_SnowRental_SnowRentalUITests.framework */; };
/* End PBXBuildFile section */

/* Begin PBXContainerItemProxy section */
		B397451D23F4F93A00604316 /* PBXContainerItemProxy */ = {
			isa = PBXContainerItemProxy;
			containerPortal = B39744F923F4F93900604316 /* Project object */;
			proxyType = 1;
			remoteGlobalIDString = B397450023F4F93900604316;
			remoteInfo = SnowRental;
		};
		B397452823F4F93A00604316 /* PBXContainerItemProxy */ = {
			isa = PBXContainerItemProxy;
			containerPortal = B39744F923F4F93900604316 /* Project object */;
			proxyType = 1;
			remoteGlobalIDString = B397450023F4F93900604316;
			remoteInfo = SnowRental;
		};
/* End PBXContainerItemProxy section */

/* Begin PBXFileReference section */
		1082E6E9076A3B3DB70C332A /* Pods_SnowRental_SnowRentalUITests.framework */ = {isa = PBXFileReference; explicitFileType = wrapper.framework; includeInIndex = 0; path = Pods_SnowRental_SnowRentalUITests.framework; sourceTree = BUILT_PRODUCTS_DIR; };
		109D7D871265E26A5E4DDE32 /* Pods_SnowRental.framework */ = {isa = PBXFileReference; explicitFileType = wrapper.framework; includeInIndex = 0; path = Pods_SnowRental.framework; sourceTree = BUILT_PRODUCTS_DIR; };
		20350B00D655B26E0E3DB06E /* Pods-SnowRentalTests.release.xcconfig */ = {isa = PBXFileReference; includeInIndex = 1; lastKnownFileType = text.xcconfig; name = "Pods-SnowRentalTests.release.xcconfig"; path = "Target Support Files/Pods-SnowRentalTests/Pods-SnowRentalTests.release.xcconfig"; sourceTree = "<group>"; };
		37F69FB5023B3EB919F6E90D /* Pods-SnowRental.release.xcconfig */ = {isa = PBXFileReference; includeInIndex = 1; lastKnownFileType = text.xcconfig; name = "Pods-SnowRental.release.xcconfig"; path = "Target Support Files/Pods-SnowRental/Pods-SnowRental.release.xcconfig"; sourceTree = "<group>"; };
		A0FD9C705C50C3DB76EB5C9F /* Pods_SnowRentalTests.framework */ = {isa = PBXFileReference; explicitFileType = wrapper.framework; includeInIndex = 0; path = Pods_SnowRentalTests.framework; sourceTree = BUILT_PRODUCTS_DIR; };
		B319DF1523FB4A0000B2A8D0 /* DesignFilterViewCell.swift */ = {isa = PBXFileReference; lastKnownFileType = sourcecode.swift; path = DesignFilterViewCell.swift; sourceTree = "<group>"; };
		B319DF1723FB4CBE00B2A8D0 /* FiltersManager.swift */ = {isa = PBXFileReference; lastKnownFileType = sourcecode.swift; path = FiltersManager.swift; sourceTree = "<group>"; };
		B319DF1923FBA13400B2A8D0 /* TagsViewController.swift */ = {isa = PBXFileReference; lastKnownFileType = sourcecode.swift; path = TagsViewController.swift; sourceTree = "<group>"; };
		B319DF1B23FBC25100B2A8D0 /* UploadConfirmViewController.swift */ = {isa = PBXFileReference; lastKnownFileType = sourcecode.swift; path = UploadConfirmViewController.swift; sourceTree = "<group>"; };
		B34AFB0623F90F1400D765FD /* ChangeEmailViewController.swift */ = {isa = PBXFileReference; lastKnownFileType = sourcecode.swift; path = ChangeEmailViewController.swift; sourceTree = "<group>"; };
		B34AFB0823F918FB00D765FD /* ApiKeys.swift */ = {isa = PBXFileReference; lastKnownFileType = sourcecode.swift; path = ApiKeys.swift; sourceTree = "<group>"; };
		B34AFB0A23F932B200D765FD /* SearchCell.swift */ = {isa = PBXFileReference; lastKnownFileType = sourcecode.swift; path = SearchCell.swift; sourceTree = "<group>"; };
		B34AFB0C23F9432000D765FD /* MovieViewController.swift */ = {isa = PBXFileReference; lastKnownFileType = sourcecode.swift; path = MovieViewController.swift; sourceTree = "<group>"; };
		B34AFB0E23F9F2AE00D765FD /* DesignManager.swift */ = {isa = PBXFileReference; lastKnownFileType = sourcecode.swift; path = DesignManager.swift; sourceTree = "<group>"; };
		B34AFB1023FA199B00D765FD /* ShopDesignCell.swift */ = {isa = PBXFileReference; lastKnownFileType = sourcecode.swift; path = ShopDesignCell.swift; sourceTree = "<group>"; };
		B34AFB1623FA1B7F00D765FD /* ImageHelpers.swift */ = {isa = PBXFileReference; lastKnownFileType = sourcecode.swift; path = ImageHelpers.swift; sourceTree = "<group>"; };
		B34AFB1823FA233900D765FD /* Design.storyboard */ = {isa = PBXFileReference; lastKnownFileType = file.storyboard; path = Design.storyboard; sourceTree = "<group>"; };
		B34AFB1B23FA555300D765FD /* CameraViewController.swift */ = {isa = PBXFileReference; lastKnownFileType = sourcecode.swift; path = CameraViewController.swift; sourceTree = "<group>"; };
		B34AFB1D23FA641200D765FD /* PreviewPhotoViewController.swift */ = {isa = PBXFileReference; lastKnownFileType = sourcecode.swift; path = PreviewPhotoViewController.swift; sourceTree = "<group>"; };
		B34AFB2423FA7EC700D765FD /* LibraryViewController.swift */ = {isa = PBXFileReference; lastKnownFileType = sourcecode.swift; path = LibraryViewController.swift; sourceTree = "<group>"; };
		B364449F2405FC2600E742A1 /* OrdersTableViewController.swift */ = {isa = PBXFileReference; lastKnownFileType = sourcecode.swift; path = OrdersTableViewController.swift; sourceTree = "<group>"; };
		B36444A12405FE4000E742A1 /* OrdersManager.swift */ = {isa = PBXFileReference; lastKnownFileType = sourcecode.swift; path = OrdersManager.swift; sourceTree = "<group>"; };
		B36444A3240607C800E742A1 /* OrderCell.swift */ = {isa = PBXFileReference; lastKnownFileType = sourcecode.swift; path = OrderCell.swift; sourceTree = "<group>"; };
		B3699DDE24020AFC001D495D /* Design.swift */ = {isa = PBXFileReference; lastKnownFileType = sourcecode.swift; path = Design.swift; sourceTree = "<group>"; };
		B3699DE324037E4C001D495D /* CheckoutShippingDetailsViewController.swift */ = {isa = PBXFileReference; lastKnownFileType = sourcecode.swift; path = CheckoutShippingDetailsViewController.swift; sourceTree = "<group>"; };
		B3699DE524039EFD001D495D /* Order.swift */ = {isa = PBXFileReference; lastKnownFileType = sourcecode.swift; path = Order.swift; sourceTree = "<group>"; };
		B3699DE72403A696001D495D /* CheckoutPaymentViewController.swift */ = {isa = PBXFileReference; lastKnownFileType = sourcecode.swift; path = CheckoutPaymentViewController.swift; sourceTree = "<group>"; };
		B36B0D392404AA6E00C8D6CC /* CheckoutSubmitPaymentViewController.swift */ = {isa = PBXFileReference; lastKnownFileType = sourcecode.swift; path = CheckoutSubmitPaymentViewController.swift; sourceTree = "<group>"; };
		B36B0D3B2405CD1900C8D6CC /* CardsManager.swift */ = {isa = PBXFileReference; lastKnownFileType = sourcecode.swift; path = CardsManager.swift; sourceTree = "<group>"; };
		B36B0D3D2405F31800C8D6CC /* Orders.storyboard */ = {isa = PBXFileReference; lastKnownFileType = file.storyboard; path = Orders.storyboard; sourceTree = "<group>"; };
		B3864B4A23F87710005695E8 /* Authentication.storyboard */ = {isa = PBXFileReference; lastKnownFileType = file.storyboard; path = Authentication.storyboard; sourceTree = "<group>"; };
		B3864B5323F879DC005695E8 /* UsersManager.swift */ = {isa = PBXFileReference; lastKnownFileType = sourcecode.swift; path = UsersManager.swift; sourceTree = "<group>"; };
		B3864B5623F87B7D005695E8 /* User.swift */ = {isa = PBXFileReference; lastKnownFileType = sourcecode.swift; path = User.swift; sourceTree = "<group>"; };
		B3864B5A23F89F72005695E8 /* FirebaseNodes.swift */ = {isa = PBXFileReference; lastKnownFileType = sourcecode.swift; path = FirebaseNodes.swift; sourceTree = "<group>"; };
		B3864B5C23F8A9B2005695E8 /* MoviesManager.swift */ = {isa = PBXFileReference; lastKnownFileType = sourcecode.swift; path = MoviesManager.swift; sourceTree = "<group>"; };
		B3864B5E23F8B420005695E8 /* LoginViewController.swift */ = {isa = PBXFileReference; lastKnownFileType = sourcecode.swift; path = LoginViewController.swift; sourceTree = "<group>"; };
		B3864B6023F8D2E3005695E8 /* AccountViewController.swift */ = {isa = PBXFileReference; lastKnownFileType = sourcecode.swift; path = AccountViewController.swift; sourceTree = "<group>"; };
		B3864B6223F8DE8E005695E8 /* ContactInfoViewController.swift */ = {isa = PBXFileReference; lastKnownFileType = sourcecode.swift; path = ContactInfoViewController.swift; sourceTree = "<group>"; };
		B3864B6423F8E1F1005695E8 /* Profile.storyboard */ = {isa = PBXFileReference; lastKnownFileType = file.storyboard; path = Profile.storyboard; sourceTree = "<group>"; };
		B3864B6623F90041005695E8 /* ChangePasswordViewController.swift */ = {isa = PBXFileReference; lastKnownFileType = sourcecode.swift; path = ChangePasswordViewController.swift; sourceTree = "<group>"; };
		B397450123F4F93900604316 /* SnowRental.app */ = {isa = PBXFileReference; explicitFileType = wrapper.application; includeInIndex = 0; path = SnowRental.app; sourceTree = BUILT_PRODUCTS_DIR; };
		B397450423F4F93900604316 /* AppDelegate.swift */ = {isa = PBXFileReference; lastKnownFileType = sourcecode.swift; path = AppDelegate.swift; sourceTree = "<group>"; };
		B397450623F4F93900604316 /* SceneDelegate.swift */ = {isa = PBXFileReference; lastKnownFileType = sourcecode.swift; path = SceneDelegate.swift; sourceTree = "<group>"; };
		B397450D23F4F93900604316 /* Base */ = {isa = PBXFileReference; lastKnownFileType = file.storyboard; name = Base; path = Base.lproj/Main.storyboard; sourceTree = "<group>"; };
		B397451023F4F93900604316 /* SnowRental.xcdatamodel */ = {isa = PBXFileReference; lastKnownFileType = wrapper.xcdatamodel; path = SnowRental.xcdatamodel; sourceTree = "<group>"; };
		B397451223F4F93A00604316 /* Assets.xcassets */ = {isa = PBXFileReference; lastKnownFileType = folder.assetcatalog; path = Assets.xcassets; sourceTree = "<group>"; };
		B397451523F4F93A00604316 /* Base */ = {isa = PBXFileReference; lastKnownFileType = file.storyboard; name = Base; path = Base.lproj/LaunchScreen.storyboard; sourceTree = "<group>"; };
		B397451723F4F93A00604316 /* Info.plist */ = {isa = PBXFileReference; lastKnownFileType = text.plist.xml; path = Info.plist; sourceTree = "<group>"; };
		B397451C23F4F93A00604316 /* SnowRentalTests.xctest */ = {isa = PBXFileReference; explicitFileType = wrapper.cfbundle; includeInIndex = 0; path = SnowRentalTests.xctest; sourceTree = BUILT_PRODUCTS_DIR; };
		B397452023F4F93A00604316 /* SnowRentalTests.swift */ = {isa = PBXFileReference; lastKnownFileType = sourcecode.swift; path = SnowRentalTests.swift; sourceTree = "<group>"; };
		B397452223F4F93A00604316 /* Info.plist */ = {isa = PBXFileReference; lastKnownFileType = text.plist.xml; path = Info.plist; sourceTree = "<group>"; };
		B397452723F4F93A00604316 /* SnowRentalUITests.xctest */ = {isa = PBXFileReference; explicitFileType = wrapper.cfbundle; includeInIndex = 0; path = SnowRentalUITests.xctest; sourceTree = BUILT_PRODUCTS_DIR; };
		B397452B23F4F93A00604316 /* SnowRentalUITests.swift */ = {isa = PBXFileReference; lastKnownFileType = sourcecode.swift; path = SnowRentalUITests.swift; sourceTree = "<group>"; };
		B397452D23F4F93A00604316 /* Info.plist */ = {isa = PBXFileReference; lastKnownFileType = text.plist.xml; path = Info.plist; sourceTree = "<group>"; };
		B397453923F5DA8200604316 /* ProfileViewController.swift */ = {isa = PBXFileReference; lastKnownFileType = sourcecode.swift; path = ProfileViewController.swift; sourceTree = "<group>"; };
		B397453B23F5F7A400604316 /* SearchViewController.swift */ = {isa = PBXFileReference; lastKnownFileType = sourcecode.swift; path = SearchViewController.swift; sourceTree = "<group>"; };
		B397453D23F72F8A00604316 /* YouMightLikeCell.swift */ = {isa = PBXFileReference; lastKnownFileType = sourcecode.swift; path = YouMightLikeCell.swift; sourceTree = "<group>"; };
		B3C3495623F7D73300B061E9 /* SnowRentalDebug.entitlements */ = {isa = PBXFileReference; lastKnownFileType = text.plist.entitlements; path = SnowRentalDebug.entitlements; sourceTree = "<group>"; };
		B3C3495723F7E09400B061E9 /* SignUpViewController.swift */ = {isa = PBXFileReference; lastKnownFileType = sourcecode.swift; path = SignUpViewController.swift; sourceTree = "<group>"; };
		B3CEC85923F7A19300333178 /* SearchTableViewController.swift */ = {isa = PBXFileReference; lastKnownFileType = sourcecode.swift; path = SearchTableViewController.swift; sourceTree = "<group>"; };
		B3CEC85B23F7BA3000333178 /* NotAuthenticatedViewController.swift */ = {isa = PBXFileReference; lastKnownFileType = sourcecode.swift; path = NotAuthenticatedViewController.swift; sourceTree = "<group>"; };
		B3CEC85D23F7C5D100333178 /* GoogleService-Info.plist */ = {isa = PBXFileReference; fileEncoding = 4; lastKnownFileType = text.plist.xml; name = "GoogleService-Info.plist"; path = "../../GoogleService-Info.plist"; sourceTree = "<group>"; };
		B3D69F2D23FDEC10007D5C0F /* ConfirmOrderViewController.swift */ = {isa = PBXFileReference; lastKnownFileType = sourcecode.swift; path = ConfirmOrderViewController.swift; sourceTree = "<group>"; };
		B3D69F2F23FE0B9A007D5C0F /* PaymentSettingsViewController.swift */ = {isa = PBXFileReference; lastKnownFileType = sourcecode.swift; path = PaymentSettingsViewController.swift; sourceTree = "<group>"; };
		B3D69F3623FE236E007D5C0F /* String.swift */ = {isa = PBXFileReference; lastKnownFileType = sourcecode.swift; path = String.swift; sourceTree = "<group>"; };
		B3D69F3823FE2416007D5C0F /* UITextField.swift */ = {isa = PBXFileReference; lastKnownFileType = sourcecode.swift; path = UITextField.swift; sourceTree = "<group>"; };
		B3DC904123FF4C880030B330 /* MyAPIClient.swift */ = {isa = PBXFileReference; lastKnownFileType = sourcecode.swift; path = MyAPIClient.swift; sourceTree = "<group>"; };
		B72B0BDE0C5181C702B98C6F /* Pods-SnowRental-SnowRentalUITests.debug.xcconfig */ = {isa = PBXFileReference; includeInIndex = 1; lastKnownFileType = text.xcconfig; name = "Pods-SnowRental-SnowRentalUITests.debug.xcconfig"; path = "Target Support Files/Pods-SnowRental-SnowRentalUITests/Pods-SnowRental-SnowRentalUITests.debug.xcconfig"; sourceTree = "<group>"; };
		D46B7D587AEC9C102BCB32C0 /* Pods-SnowRentalTests.debug.xcconfig */ = {isa = PBXFileReference; includeInIndex = 1; lastKnownFileType = text.xcconfig; name = "Pods-SnowRentalTests.debug.xcconfig"; path = "Target Support Files/Pods-SnowRentalTests/Pods-SnowRentalTests.debug.xcconfig"; sourceTree = "<group>"; };
		E2CFF2FA4EEC69BAED26AEE6 /* Pods-SnowRental-SnowRentalUITests.release.xcconfig */ = {isa = PBXFileReference; includeInIndex = 1; lastKnownFileType = text.xcconfig; name = "Pods-SnowRental-SnowRentalUITests.release.xcconfig"; path = "Target Support Files/Pods-SnowRental-SnowRentalUITests/Pods-SnowRental-SnowRentalUITests.release.xcconfig"; sourceTree = "<group>"; };
		E6C0E536FE5F4B980A4795E8 /* Pods-SnowRental.debug.xcconfig */ = {isa = PBXFileReference; includeInIndex = 1; lastKnownFileType = text.xcconfig; name = "Pods-SnowRental.debug.xcconfig"; path = "Target Support Files/Pods-SnowRental/Pods-SnowRental.debug.xcconfig"; sourceTree = "<group>"; };
/* End PBXFileReference section */

/* Begin PBXFrameworksBuildPhase section */
		B39744FE23F4F93900604316 /* Frameworks */ = {
			isa = PBXFrameworksBuildPhase;
			buildActionMask = 2147483647;
			files = (
				9281090F9494046D3CB2A141 /* Pods_SnowRental.framework in Frameworks */,
			);
			runOnlyForDeploymentPostprocessing = 0;
		};
		B397451923F4F93A00604316 /* Frameworks */ = {
			isa = PBXFrameworksBuildPhase;
			buildActionMask = 2147483647;
			files = (
				BEF51C1B6BA73D8C09D07121 /* Pods_SnowRentalTests.framework in Frameworks */,
			);
			runOnlyForDeploymentPostprocessing = 0;
		};
		B397452423F4F93A00604316 /* Frameworks */ = {
			isa = PBXFrameworksBuildPhase;
			buildActionMask = 2147483647;
			files = (
				DDA85522369A8B5D0B228935 /* Pods_SnowRental_SnowRentalUITests.framework in Frameworks */,
			);
			runOnlyForDeploymentPostprocessing = 0;
		};
/* End PBXFrameworksBuildPhase section */

/* Begin PBXGroup section */
		1758C75E239994CEBB73D31C /* Frameworks */ = {
			isa = PBXGroup;
			children = (
				109D7D871265E26A5E4DDE32 /* Pods_SnowRental.framework */,
				1082E6E9076A3B3DB70C332A /* Pods_SnowRental_SnowRentalUITests.framework */,
				A0FD9C705C50C3DB76EB5C9F /* Pods_SnowRentalTests.framework */,
			);
			name = Frameworks;
			sourceTree = "<group>";
		};
		B34AFB1523FA1B7200D765FD /* Helpers */ = {
			isa = PBXGroup;
			children = (
				B34AFB1623FA1B7F00D765FD /* ImageHelpers.swift */,
			);
			path = Helpers;
			sourceTree = "<group>";
		};
		B34AFB1A23FA554300D765FD /* Design */ = {
			isa = PBXGroup;
			children = (
				B34AFB1F23FA6BF200D765FD /* Camera */,
			);
			path = Design;
			sourceTree = "<group>";
		};
		B34AFB1F23FA6BF200D765FD /* Camera */ = {
			isa = PBXGroup;
			children = (
				B34AFB1D23FA641200D765FD /* PreviewPhotoViewController.swift */,
				B34AFB1B23FA555300D765FD /* CameraViewController.swift */,
				B34AFB2423FA7EC700D765FD /* LibraryViewController.swift */,
				B319DF1923FBA13400B2A8D0 /* TagsViewController.swift */,
				B319DF1B23FBC25100B2A8D0 /* UploadConfirmViewController.swift */,
			);
			path = Camera;
			sourceTree = "<group>";
		};
		B364449E2405FBF200E742A1 /* Orders */ = {
			isa = PBXGroup;
			children = (
				B364449F2405FC2600E742A1 /* OrdersTableViewController.swift */,
			);
			path = Orders;
			sourceTree = "<group>";
		};
		B3699DE024037E02001D495D /* Checkout */ = {
			isa = PBXGroup;
			children = (
				B3699DE324037E4C001D495D /* CheckoutShippingDetailsViewController.swift */,
				B3699DE72403A696001D495D /* CheckoutPaymentViewController.swift */,
				B36B0D392404AA6E00C8D6CC /* CheckoutSubmitPaymentViewController.swift */,
			);
			path = Checkout;
			sourceTree = "<group>";
		};
		B3864B4C23F8777B005695E8 /* Views */ = {
			isa = PBXGroup;
			children = (
				B397450C23F4F93900604316 /* Main.storyboard */,
				B34AFB1823FA233900D765FD /* Design.storyboard */,
				B3864B6423F8E1F1005695E8 /* Profile.storyboard */,
				B3864B4A23F87710005695E8 /* Authentication.storyboard */,
				B397451423F4F93A00604316 /* LaunchScreen.storyboard */,
				B36B0D3D2405F31800C8D6CC /* Orders.storyboard */,
			);
			path = Views;
			sourceTree = "<group>";
		};
		B3864B4D23F87787005695E8 /* Controllers */ = {
			isa = PBXGroup;
			children = (
				B364449E2405FBF200E742A1 /* Orders */,
				B3699DE024037E02001D495D /* Checkout */,
				B34AFB1A23FA554300D765FD /* Design */,
				B3864B4E23F8779F005695E8 /* Authentication */,
				B3864B5023F877DC005695E8 /* Profile */,
				B3864B4F23F877BD005695E8 /* Search */,
			);
			path = Controllers;
			sourceTree = "<group>";
		};
		B3864B4E23F8779F005695E8 /* Authentication */ = {
			isa = PBXGroup;
			children = (
				B3CEC85B23F7BA3000333178 /* NotAuthenticatedViewController.swift */,
				B3C3495723F7E09400B061E9 /* SignUpViewController.swift */,
				B3864B5E23F8B420005695E8 /* LoginViewController.swift */,
			);
			path = Authentication;
			sourceTree = "<group>";
		};
		B3864B4F23F877BD005695E8 /* Search */ = {
			isa = PBXGroup;
			children = (
				B397453B23F5F7A400604316 /* SearchViewController.swift */,
				B3CEC85923F7A19300333178 /* SearchTableViewController.swift */,
				B34AFB0C23F9432000D765FD /* MovieViewController.swift */,
				B3D69F2D23FDEC10007D5C0F /* ConfirmOrderViewController.swift */,
			);
			path = Search;
			sourceTree = "<group>";
		};
		B3864B5023F877DC005695E8 /* Profile */ = {
			isa = PBXGroup;
			children = (
				B397453923F5DA8200604316 /* ProfileViewController.swift */,
				B3864B6023F8D2E3005695E8 /* AccountViewController.swift */,
				B3864B6223F8DE8E005695E8 /* ContactInfoViewController.swift */,
				B3864B6623F90041005695E8 /* ChangePasswordViewController.swift */,
				B34AFB0623F90F1400D765FD /* ChangeEmailViewController.swift */,
				B3D69F2F23FE0B9A007D5C0F /* PaymentSettingsViewController.swift */,
			);
			path = Profile;
			sourceTree = "<group>";
		};
		B3864B5123F87838005695E8 /* Cells */ = {
			isa = PBXGroup;
			children = (
				B397453D23F72F8A00604316 /* YouMightLikeCell.swift */,
				B34AFB0A23F932B200D765FD /* SearchCell.swift */,
				B34AFB1023FA199B00D765FD /* ShopDesignCell.swift */,
				B319DF1523FB4A0000B2A8D0 /* DesignFilterViewCell.swift */,
				B36444A3240607C800E742A1 /* OrderCell.swift */,
			);
			path = Cells;
			sourceTree = "<group>";
		};
		B3864B5223F8787C005695E8 /* Managers */ = {
			isa = PBXGroup;
			children = (
				B3864B5323F879DC005695E8 /* UsersManager.swift */,
				B3864B5C23F8A9B2005695E8 /* MoviesManager.swift */,
				B34AFB0E23F9F2AE00D765FD /* DesignManager.swift */,
				B319DF1723FB4CBE00B2A8D0 /* FiltersManager.swift */,
				B36B0D3B2405CD1900C8D6CC /* CardsManager.swift */,
				B36444A12405FE4000E742A1 /* OrdersManager.swift */,
			);
			path = Managers;
			sourceTree = "<group>";
		};
		B3864B5523F87B66005695E8 /* Models */ = {
			isa = PBXGroup;
			children = (
				B3864B5623F87B7D005695E8 /* User.swift */,
				B3699DDE24020AFC001D495D /* Design.swift */,
				B3699DE524039EFD001D495D /* Order.swift */,
			);
			path = Models;
			sourceTree = "<group>";
		};
		B39744F823F4F93900604316 = {
			isa = PBXGroup;
			children = (
				B397450323F4F93900604316 /* SnowRental */,
				B397451F23F4F93A00604316 /* SnowRentalTests */,
				B397452A23F4F93A00604316 /* SnowRentalUITests */,
				B397450223F4F93900604316 /* Products */,
				E4491DAEA1CCBCBE8DE28108 /* Pods */,
				1758C75E239994CEBB73D31C /* Frameworks */,
			);
			sourceTree = "<group>";
		};
		B397450223F4F93900604316 /* Products */ = {
			isa = PBXGroup;
			children = (
				B397450123F4F93900604316 /* SnowRental.app */,
				B397451C23F4F93A00604316 /* SnowRentalTests.xctest */,
				B397452723F4F93A00604316 /* SnowRentalUITests.xctest */,
			);
			name = Products;
			sourceTree = "<group>";
		};
		B397450323F4F93900604316 /* SnowRental */ = {
			isa = PBXGroup;
			children = (
				B3D69F3523FE2361007D5C0F /* Extensions */,
				B397450423F4F93900604316 /* AppDelegate.swift */,
				B397450623F4F93900604316 /* SceneDelegate.swift */,
				B3864B5A23F89F72005695E8 /* FirebaseNodes.swift */,
				B34AFB0823F918FB00D765FD /* ApiKeys.swift */,
				B34AFB1523FA1B7200D765FD /* Helpers */,
				B3DC904123FF4C880030B330 /* MyAPIClient.swift */,
				B3864B5523F87B66005695E8 /* Models */,
				B3864B5223F8787C005695E8 /* Managers */,
				B3864B5123F87838005695E8 /* Cells */,
				B3864B4D23F87787005695E8 /* Controllers */,
				B3864B4C23F8777B005695E8 /* Views */,
				B3C3495623F7D73300B061E9 /* SnowRentalDebug.entitlements */,
				B397451223F4F93A00604316 /* Assets.xcassets */,
				B397451723F4F93A00604316 /* Info.plist */,
				B3CEC85D23F7C5D100333178 /* GoogleService-Info.plist */,
				B397450F23F4F93900604316 /* SnowRental.xcdatamodeld */,
			);
			path = SnowRental;
			sourceTree = "<group>";
		};
		B397451F23F4F93A00604316 /* SnowRentalTests */ = {
			isa = PBXGroup;
			children = (
				B397452023F4F93A00604316 /* SnowRentalTests.swift */,
				B397452223F4F93A00604316 /* Info.plist */,
			);
			path = SnowRentalTests;
			sourceTree = "<group>";
		};
		B397452A23F4F93A00604316 /* SnowRentalUITests */ = {
			isa = PBXGroup;
			children = (
				B397452B23F4F93A00604316 /* SnowRentalUITests.swift */,
				B397452D23F4F93A00604316 /* Info.plist */,
			);
			path = SnowRentalUITests;
			sourceTree = "<group>";
		};
		B3D69F3523FE2361007D5C0F /* Extensions */ = {
			isa = PBXGroup;
			children = (
				B3D69F3623FE236E007D5C0F /* String.swift */,
				B3D69F3823FE2416007D5C0F /* UITextField.swift */,
			);
			path = Extensions;
			sourceTree = "<group>";
		};
		E4491DAEA1CCBCBE8DE28108 /* Pods */ = {
			isa = PBXGroup;
			children = (
				E6C0E536FE5F4B980A4795E8 /* Pods-SnowRental.debug.xcconfig */,
				37F69FB5023B3EB919F6E90D /* Pods-SnowRental.release.xcconfig */,
				B72B0BDE0C5181C702B98C6F /* Pods-SnowRental-SnowRentalUITests.debug.xcconfig */,
				E2CFF2FA4EEC69BAED26AEE6 /* Pods-SnowRental-SnowRentalUITests.release.xcconfig */,
				D46B7D587AEC9C102BCB32C0 /* Pods-SnowRentalTests.debug.xcconfig */,
				20350B00D655B26E0E3DB06E /* Pods-SnowRentalTests.release.xcconfig */,
			);
			path = Pods;
			sourceTree = "<group>";
		};
/* End PBXGroup section */

/* Begin PBXNativeTarget section */
		B397450023F4F93900604316 /* SnowRental */ = {
			isa = PBXNativeTarget;
			buildConfigurationList = B397453023F4F93A00604316 /* Build configuration list for PBXNativeTarget "SnowRental" */;
			buildPhases = (
				194A237CCCD60C0E374F20C3 /* [CP] Check Pods Manifest.lock */,
				B39744FD23F4F93900604316 /* Sources */,
				B39744FE23F4F93900604316 /* Frameworks */,
				B39744FF23F4F93900604316 /* Resources */,
				14E82417741E09000760E2D5 /* [CP] Embed Pods Frameworks */,
			);
			buildRules = (
			);
			dependencies = (
			);
			name = SnowRental;
			productName = SnowRental;
			productReference = B397450123F4F93900604316 /* SnowRental.app */;
			productType = "com.apple.product-type.application";
		};
		B397451B23F4F93A00604316 /* SnowRentalTests */ = {
			isa = PBXNativeTarget;
			buildConfigurationList = B397453323F4F93A00604316 /* Build configuration list for PBXNativeTarget "SnowRentalTests" */;
			buildPhases = (
				B42EE6FD099FE845D737AF1F /* [CP] Check Pods Manifest.lock */,
				B397451823F4F93A00604316 /* Sources */,
				B397451923F4F93A00604316 /* Frameworks */,
				B397451A23F4F93A00604316 /* Resources */,
			);
			buildRules = (
			);
			dependencies = (
				B397451E23F4F93A00604316 /* PBXTargetDependency */,
			);
			name = SnowRentalTests;
			productName = SnowRentalTests;
			productReference = B397451C23F4F93A00604316 /* SnowRentalTests.xctest */;
			productType = "com.apple.product-type.bundle.unit-test";
		};
		B397452623F4F93A00604316 /* SnowRentalUITests */ = {
			isa = PBXNativeTarget;
			buildConfigurationList = B397453623F4F93A00604316 /* Build configuration list for PBXNativeTarget "SnowRentalUITests" */;
			buildPhases = (
				7DD143A312A6BC11200EACBF /* [CP] Check Pods Manifest.lock */,
				B397452323F4F93A00604316 /* Sources */,
				B397452423F4F93A00604316 /* Frameworks */,
				B397452523F4F93A00604316 /* Resources */,
				2517B37691539B9F1F79FC74 /* [CP] Embed Pods Frameworks */,
			);
			buildRules = (
			);
			dependencies = (
				B397452923F4F93A00604316 /* PBXTargetDependency */,
			);
			name = SnowRentalUITests;
			productName = SnowRentalUITests;
			productReference = B397452723F4F93A00604316 /* SnowRentalUITests.xctest */;
			productType = "com.apple.product-type.bundle.ui-testing";
		};
/* End PBXNativeTarget section */

/* Begin PBXProject section */
		B39744F923F4F93900604316 /* Project object */ = {
			isa = PBXProject;
			attributes = {
				LastSwiftUpdateCheck = 1130;
				LastUpgradeCheck = 1130;
				ORGANIZATIONNAME = "Josh Kardos";
				TargetAttributes = {
					B397450023F4F93900604316 = {
						CreatedOnToolsVersion = 11.3.1;
					};
					B397451B23F4F93A00604316 = {
						CreatedOnToolsVersion = 11.3.1;
						TestTargetID = B397450023F4F93900604316;
					};
					B397452623F4F93A00604316 = {
						CreatedOnToolsVersion = 11.3.1;
						TestTargetID = B397450023F4F93900604316;
					};
				};
			};
			buildConfigurationList = B39744FC23F4F93900604316 /* Build configuration list for PBXProject "SnowRental" */;
			compatibilityVersion = "Xcode 9.3";
			developmentRegion = en;
			hasScannedForEncodings = 0;
			knownRegions = (
				en,
				Base,
			);
			mainGroup = B39744F823F4F93900604316;
			productRefGroup = B397450223F4F93900604316 /* Products */;
			projectDirPath = "";
			projectRoot = "";
			targets = (
				B397450023F4F93900604316 /* SnowRental */,
				B397451B23F4F93A00604316 /* SnowRentalTests */,
				B397452623F4F93A00604316 /* SnowRentalUITests */,
			);
		};
/* End PBXProject section */

/* Begin PBXResourcesBuildPhase section */
		B39744FF23F4F93900604316 /* Resources */ = {
			isa = PBXResourcesBuildPhase;
			buildActionMask = 2147483647;
			files = (
				B3864B6523F8E1F1005695E8 /* Profile.storyboard in Resources */,
				B34AFB1923FA233900D765FD /* Design.storyboard in Resources */,
				B397451623F4F93A00604316 /* LaunchScreen.storyboard in Resources */,
				B3CEC85E23F7C5D100333178 /* GoogleService-Info.plist in Resources */,
				B397451323F4F93A00604316 /* Assets.xcassets in Resources */,
				B397450E23F4F93900604316 /* Main.storyboard in Resources */,
				B3864B4B23F87710005695E8 /* Authentication.storyboard in Resources */,
				B36B0D3E2405F31800C8D6CC /* Orders.storyboard in Resources */,
			);
			runOnlyForDeploymentPostprocessing = 0;
		};
		B397451A23F4F93A00604316 /* Resources */ = {
			isa = PBXResourcesBuildPhase;
			buildActionMask = 2147483647;
			files = (
			);
			runOnlyForDeploymentPostprocessing = 0;
		};
		B397452523F4F93A00604316 /* Resources */ = {
			isa = PBXResourcesBuildPhase;
			buildActionMask = 2147483647;
			files = (
			);
			runOnlyForDeploymentPostprocessing = 0;
		};
/* End PBXResourcesBuildPhase section */

/* Begin PBXShellScriptBuildPhase section */
		14E82417741E09000760E2D5 /* [CP] Embed Pods Frameworks */ = {
			isa = PBXShellScriptBuildPhase;
			buildActionMask = 2147483647;
			files = (
			);
			inputFileListPaths = (
				"${PODS_ROOT}/Target Support Files/Pods-SnowRental/Pods-SnowRental-frameworks-${CONFIGURATION}-input-files.xcfilelist",
			);
			name = "[CP] Embed Pods Frameworks";
			outputFileListPaths = (
				"${PODS_ROOT}/Target Support Files/Pods-SnowRental/Pods-SnowRental-frameworks-${CONFIGURATION}-output-files.xcfilelist",
			);
			runOnlyForDeploymentPostprocessing = 0;
			shellPath = /bin/sh;
			shellScript = "\"${PODS_ROOT}/Target Support Files/Pods-SnowRental/Pods-SnowRental-frameworks.sh\"\n";
			showEnvVarsInLog = 0;
		};
		194A237CCCD60C0E374F20C3 /* [CP] Check Pods Manifest.lock */ = {
			isa = PBXShellScriptBuildPhase;
			buildActionMask = 2147483647;
			files = (
			);
			inputFileListPaths = (
			);
			inputPaths = (
				"${PODS_PODFILE_DIR_PATH}/Podfile.lock",
				"${PODS_ROOT}/Manifest.lock",
			);
			name = "[CP] Check Pods Manifest.lock";
			outputFileListPaths = (
			);
			outputPaths = (
				"$(DERIVED_FILE_DIR)/Pods-SnowRental-checkManifestLockResult.txt",
			);
			runOnlyForDeploymentPostprocessing = 0;
			shellPath = /bin/sh;
			shellScript = "diff \"${PODS_PODFILE_DIR_PATH}/Podfile.lock\" \"${PODS_ROOT}/Manifest.lock\" > /dev/null\nif [ $? != 0 ] ; then\n    # print error to STDERR\n    echo \"error: The sandbox is not in sync with the Podfile.lock. Run 'pod install' or update your CocoaPods installation.\" >&2\n    exit 1\nfi\n# This output is used by Xcode 'outputs' to avoid re-running this script phase.\necho \"SUCCESS\" > \"${SCRIPT_OUTPUT_FILE_0}\"\n";
			showEnvVarsInLog = 0;
		};
		2517B37691539B9F1F79FC74 /* [CP] Embed Pods Frameworks */ = {
			isa = PBXShellScriptBuildPhase;
			buildActionMask = 2147483647;
			files = (
			);
			inputFileListPaths = (
				"${PODS_ROOT}/Target Support Files/Pods-SnowRental-SnowRentalUITests/Pods-SnowRental-SnowRentalUITests-frameworks-${CONFIGURATION}-input-files.xcfilelist",
			);
			name = "[CP] Embed Pods Frameworks";
			outputFileListPaths = (
				"${PODS_ROOT}/Target Support Files/Pods-SnowRental-SnowRentalUITests/Pods-SnowRental-SnowRentalUITests-frameworks-${CONFIGURATION}-output-files.xcfilelist",
			);
			runOnlyForDeploymentPostprocessing = 0;
			shellPath = /bin/sh;
			shellScript = "\"${PODS_ROOT}/Target Support Files/Pods-SnowRental-SnowRentalUITests/Pods-SnowRental-SnowRentalUITests-frameworks.sh\"\n";
			showEnvVarsInLog = 0;
		};
		7DD143A312A6BC11200EACBF /* [CP] Check Pods Manifest.lock */ = {
			isa = PBXShellScriptBuildPhase;
			buildActionMask = 2147483647;
			files = (
			);
			inputFileListPaths = (
			);
			inputPaths = (
				"${PODS_PODFILE_DIR_PATH}/Podfile.lock",
				"${PODS_ROOT}/Manifest.lock",
			);
			name = "[CP] Check Pods Manifest.lock";
			outputFileListPaths = (
			);
			outputPaths = (
				"$(DERIVED_FILE_DIR)/Pods-SnowRental-SnowRentalUITests-checkManifestLockResult.txt",
			);
			runOnlyForDeploymentPostprocessing = 0;
			shellPath = /bin/sh;
			shellScript = "diff \"${PODS_PODFILE_DIR_PATH}/Podfile.lock\" \"${PODS_ROOT}/Manifest.lock\" > /dev/null\nif [ $? != 0 ] ; then\n    # print error to STDERR\n    echo \"error: The sandbox is not in sync with the Podfile.lock. Run 'pod install' or update your CocoaPods installation.\" >&2\n    exit 1\nfi\n# This output is used by Xcode 'outputs' to avoid re-running this script phase.\necho \"SUCCESS\" > \"${SCRIPT_OUTPUT_FILE_0}\"\n";
			showEnvVarsInLog = 0;
		};
		B42EE6FD099FE845D737AF1F /* [CP] Check Pods Manifest.lock */ = {
			isa = PBXShellScriptBuildPhase;
			buildActionMask = 2147483647;
			files = (
			);
			inputFileListPaths = (
			);
			inputPaths = (
				"${PODS_PODFILE_DIR_PATH}/Podfile.lock",
				"${PODS_ROOT}/Manifest.lock",
			);
			name = "[CP] Check Pods Manifest.lock";
			outputFileListPaths = (
			);
			outputPaths = (
				"$(DERIVED_FILE_DIR)/Pods-SnowRentalTests-checkManifestLockResult.txt",
			);
			runOnlyForDeploymentPostprocessing = 0;
			shellPath = /bin/sh;
			shellScript = "diff \"${PODS_PODFILE_DIR_PATH}/Podfile.lock\" \"${PODS_ROOT}/Manifest.lock\" > /dev/null\nif [ $? != 0 ] ; then\n    # print error to STDERR\n    echo \"error: The sandbox is not in sync with the Podfile.lock. Run 'pod install' or update your CocoaPods installation.\" >&2\n    exit 1\nfi\n# This output is used by Xcode 'outputs' to avoid re-running this script phase.\necho \"SUCCESS\" > \"${SCRIPT_OUTPUT_FILE_0}\"\n";
			showEnvVarsInLog = 0;
		};
/* End PBXShellScriptBuildPhase section */

/* Begin PBXSourcesBuildPhase section */
		B39744FD23F4F93900604316 /* Sources */ = {
			isa = PBXSourcesBuildPhase;
			buildActionMask = 2147483647;
			files = (
				B34AFB1123FA199B00D765FD /* ShopDesignCell.swift in Sources */,
				B3864B5F23F8B420005695E8 /* LoginViewController.swift in Sources */,
				B3D69F3023FE0B9A007D5C0F /* PaymentSettingsViewController.swift in Sources */,
				B3699DDF24020AFC001D495D /* Design.swift in Sources */,
				B319DF1823FB4CBE00B2A8D0 /* FiltersManager.swift in Sources */,
				B34AFB0B23F932B200D765FD /* SearchCell.swift in Sources */,
				B3864B6323F8DE8E005695E8 /* ContactInfoViewController.swift in Sources */,
				B319DF1623FB4A0000B2A8D0 /* DesignFilterViewCell.swift in Sources */,
				B319DF1C23FBC25100B2A8D0 /* UploadConfirmViewController.swift in Sources */,
				B3864B5423F879DC005695E8 /* UsersManager.swift in Sources */,
				B397453E23F72F8A00604316 /* YouMightLikeCell.swift in Sources */,
				B397453C23F5F7A400604316 /* SearchViewController.swift in Sources */,
				B34AFB2523FA7EC700D765FD /* LibraryViewController.swift in Sources */,
				B3699DE82403A696001D495D /* CheckoutPaymentViewController.swift in Sources */,
				B3CEC85C23F7BA3000333178 /* NotAuthenticatedViewController.swift in Sources */,
				B36B0D3A2404AA6E00C8D6CC /* CheckoutSubmitPaymentViewController.swift in Sources */,
				B34AFB1E23FA641200D765FD /* PreviewPhotoViewController.swift in Sources */,
				B397450523F4F93900604316 /* AppDelegate.swift in Sources */,
				B34AFB0D23F9432000D765FD /* MovieViewController.swift in Sources */,
				B36444A02405FC2600E742A1 /* OrdersTableViewController.swift in Sources */,
				B3D69F2E23FDEC10007D5C0F /* ConfirmOrderViewController.swift in Sources */,
				B3864B5D23F8A9B2005695E8 /* MoviesManager.swift in Sources */,
				B36444A4240607C800E742A1 /* OrderCell.swift in Sources */,
				B34AFB1723FA1B7F00D765FD /* ImageHelpers.swift in Sources */,
				B3CEC85A23F7A19300333178 /* SearchTableViewController.swift in Sources */,
				B319DF1A23FBA13400B2A8D0 /* TagsViewController.swift in Sources */,
				B34AFB0923F918FB00D765FD /* ApiKeys.swift in Sources */,
				B397450723F4F93900604316 /* SceneDelegate.swift in Sources */,
				B34AFB0F23F9F2AE00D765FD /* DesignManager.swift in Sources */,
				B3C3495823F7E09400B061E9 /* SignUpViewController.swift in Sources */,
				B3D69F3923FE2416007D5C0F /* UITextField.swift in Sources */,
				B34AFB0723F90F1400D765FD /* ChangeEmailViewController.swift in Sources */,
				B34AFB1C23FA555300D765FD /* CameraViewController.swift in Sources */,
				B3699DE424037E4C001D495D /* CheckoutShippingDetailsViewController.swift in Sources */,
				B3DC904223FF4C880030B330 /* MyAPIClient.swift in Sources */,
				B3864B5B23F89F72005695E8 /* FirebaseNodes.swift in Sources */,
				B3864B6723F90041005695E8 /* ChangePasswordViewController.swift in Sources */,
				B3D69F3723FE236E007D5C0F /* String.swift in Sources */,
				B3864B6123F8D2E3005695E8 /* AccountViewController.swift in Sources */,
				B397453A23F5DA8200604316 /* ProfileViewController.swift in Sources */,
				B3699DE624039EFD001D495D /* Order.swift in Sources */,
				B36444A22405FE4000E742A1 /* OrdersManager.swift in Sources */,
				B36B0D3C2405CD1900C8D6CC /* CardsManager.swift in Sources */,
				B397451123F4F93900604316 /* SnowRental.xcdatamodeld in Sources */,
				B3864B5723F87B7D005695E8 /* User.swift in Sources */,
			);
			runOnlyForDeploymentPostprocessing = 0;
		};
		B397451823F4F93A00604316 /* Sources */ = {
			isa = PBXSourcesBuildPhase;
			buildActionMask = 2147483647;
			files = (
				B397452123F4F93A00604316 /* SnowRentalTests.swift in Sources */,
			);
			runOnlyForDeploymentPostprocessing = 0;
		};
		B397452323F4F93A00604316 /* Sources */ = {
			isa = PBXSourcesBuildPhase;
			buildActionMask = 2147483647;
			files = (
				B397452C23F4F93A00604316 /* SnowRentalUITests.swift in Sources */,
			);
			runOnlyForDeploymentPostprocessing = 0;
		};
/* End PBXSourcesBuildPhase section */

/* Begin PBXTargetDependency section */
		B397451E23F4F93A00604316 /* PBXTargetDependency */ = {
			isa = PBXTargetDependency;
			target = B397450023F4F93900604316 /* SnowRental */;
			targetProxy = B397451D23F4F93A00604316 /* PBXContainerItemProxy */;
		};
		B397452923F4F93A00604316 /* PBXTargetDependency */ = {
			isa = PBXTargetDependency;
			target = B397450023F4F93900604316 /* SnowRental */;
			targetProxy = B397452823F4F93A00604316 /* PBXContainerItemProxy */;
		};
/* End PBXTargetDependency section */

/* Begin PBXVariantGroup section */
		B397450C23F4F93900604316 /* Main.storyboard */ = {
			isa = PBXVariantGroup;
			children = (
				B397450D23F4F93900604316 /* Base */,
			);
			name = Main.storyboard;
			sourceTree = "<group>";
		};
		B397451423F4F93A00604316 /* LaunchScreen.storyboard */ = {
			isa = PBXVariantGroup;
			children = (
				B397451523F4F93A00604316 /* Base */,
			);
			name = LaunchScreen.storyboard;
			sourceTree = "<group>";
		};
/* End PBXVariantGroup section */

/* Begin XCBuildConfiguration section */
		B397452E23F4F93A00604316 /* Debug */ = {
			isa = XCBuildConfiguration;
			buildSettings = {
				ALWAYS_SEARCH_USER_PATHS = NO;
				CLANG_ANALYZER_NONNULL = YES;
				CLANG_ANALYZER_NUMBER_OBJECT_CONVERSION = YES_AGGRESSIVE;
				CLANG_CXX_LANGUAGE_STANDARD = "gnu++14";
				CLANG_CXX_LIBRARY = "libc++";
				CLANG_ENABLE_MODULES = YES;
				CLANG_ENABLE_OBJC_ARC = YES;
				CLANG_ENABLE_OBJC_WEAK = YES;
				CLANG_WARN_BLOCK_CAPTURE_AUTORELEASING = YES;
				CLANG_WARN_BOOL_CONVERSION = YES;
				CLANG_WARN_COMMA = YES;
				CLANG_WARN_CONSTANT_CONVERSION = YES;
				CLANG_WARN_DEPRECATED_OBJC_IMPLEMENTATIONS = YES;
				CLANG_WARN_DIRECT_OBJC_ISA_USAGE = YES_ERROR;
				CLANG_WARN_DOCUMENTATION_COMMENTS = YES;
				CLANG_WARN_EMPTY_BODY = YES;
				CLANG_WARN_ENUM_CONVERSION = YES;
				CLANG_WARN_INFINITE_RECURSION = YES;
				CLANG_WARN_INT_CONVERSION = YES;
				CLANG_WARN_NON_LITERAL_NULL_CONVERSION = YES;
				CLANG_WARN_OBJC_IMPLICIT_RETAIN_SELF = YES;
				CLANG_WARN_OBJC_LITERAL_CONVERSION = YES;
				CLANG_WARN_OBJC_ROOT_CLASS = YES_ERROR;
				CLANG_WARN_RANGE_LOOP_ANALYSIS = YES;
				CLANG_WARN_STRICT_PROTOTYPES = YES;
				CLANG_WARN_SUSPICIOUS_MOVE = YES;
				CLANG_WARN_UNGUARDED_AVAILABILITY = YES_AGGRESSIVE;
				CLANG_WARN_UNREACHABLE_CODE = YES;
				CLANG_WARN__DUPLICATE_METHOD_MATCH = YES;
				COPY_PHASE_STRIP = NO;
				DEBUG_INFORMATION_FORMAT = dwarf;
				ENABLE_STRICT_OBJC_MSGSEND = YES;
				ENABLE_TESTABILITY = YES;
				GCC_C_LANGUAGE_STANDARD = gnu11;
				GCC_DYNAMIC_NO_PIC = NO;
				GCC_NO_COMMON_BLOCKS = YES;
				GCC_OPTIMIZATION_LEVEL = 0;
				GCC_PREPROCESSOR_DEFINITIONS = (
					"DEBUG=1",
					"$(inherited)",
				);
				GCC_WARN_64_TO_32_BIT_CONVERSION = YES;
				GCC_WARN_ABOUT_RETURN_TYPE = YES_ERROR;
				GCC_WARN_UNDECLARED_SELECTOR = YES;
				GCC_WARN_UNINITIALIZED_AUTOS = YES_AGGRESSIVE;
				GCC_WARN_UNUSED_FUNCTION = YES;
				GCC_WARN_UNUSED_VARIABLE = YES;
				IPHONEOS_DEPLOYMENT_TARGET = 13.2;
				MTL_ENABLE_DEBUG_INFO = INCLUDE_SOURCE;
				MTL_FAST_MATH = YES;
				ONLY_ACTIVE_ARCH = YES;
				SDKROOT = iphoneos;
				SWIFT_ACTIVE_COMPILATION_CONDITIONS = DEBUG;
				SWIFT_OPTIMIZATION_LEVEL = "-Onone";
			};
			name = Debug;
		};
		B397452F23F4F93A00604316 /* Release */ = {
			isa = XCBuildConfiguration;
			buildSettings = {
				ALWAYS_SEARCH_USER_PATHS = NO;
				CLANG_ANALYZER_NONNULL = YES;
				CLANG_ANALYZER_NUMBER_OBJECT_CONVERSION = YES_AGGRESSIVE;
				CLANG_CXX_LANGUAGE_STANDARD = "gnu++14";
				CLANG_CXX_LIBRARY = "libc++";
				CLANG_ENABLE_MODULES = YES;
				CLANG_ENABLE_OBJC_ARC = YES;
				CLANG_ENABLE_OBJC_WEAK = YES;
				CLANG_WARN_BLOCK_CAPTURE_AUTORELEASING = YES;
				CLANG_WARN_BOOL_CONVERSION = YES;
				CLANG_WARN_COMMA = YES;
				CLANG_WARN_CONSTANT_CONVERSION = YES;
				CLANG_WARN_DEPRECATED_OBJC_IMPLEMENTATIONS = YES;
				CLANG_WARN_DIRECT_OBJC_ISA_USAGE = YES_ERROR;
				CLANG_WARN_DOCUMENTATION_COMMENTS = YES;
				CLANG_WARN_EMPTY_BODY = YES;
				CLANG_WARN_ENUM_CONVERSION = YES;
				CLANG_WARN_INFINITE_RECURSION = YES;
				CLANG_WARN_INT_CONVERSION = YES;
				CLANG_WARN_NON_LITERAL_NULL_CONVERSION = YES;
				CLANG_WARN_OBJC_IMPLICIT_RETAIN_SELF = YES;
				CLANG_WARN_OBJC_LITERAL_CONVERSION = YES;
				CLANG_WARN_OBJC_ROOT_CLASS = YES_ERROR;
				CLANG_WARN_RANGE_LOOP_ANALYSIS = YES;
				CLANG_WARN_STRICT_PROTOTYPES = YES;
				CLANG_WARN_SUSPICIOUS_MOVE = YES;
				CLANG_WARN_UNGUARDED_AVAILABILITY = YES_AGGRESSIVE;
				CLANG_WARN_UNREACHABLE_CODE = YES;
				CLANG_WARN__DUPLICATE_METHOD_MATCH = YES;
				COPY_PHASE_STRIP = NO;
				DEBUG_INFORMATION_FORMAT = "dwarf-with-dsym";
				ENABLE_NS_ASSERTIONS = NO;
				ENABLE_STRICT_OBJC_MSGSEND = YES;
				GCC_C_LANGUAGE_STANDARD = gnu11;
				GCC_NO_COMMON_BLOCKS = YES;
				GCC_WARN_64_TO_32_BIT_CONVERSION = YES;
				GCC_WARN_ABOUT_RETURN_TYPE = YES_ERROR;
				GCC_WARN_UNDECLARED_SELECTOR = YES;
				GCC_WARN_UNINITIALIZED_AUTOS = YES_AGGRESSIVE;
				GCC_WARN_UNUSED_FUNCTION = YES;
				GCC_WARN_UNUSED_VARIABLE = YES;
				IPHONEOS_DEPLOYMENT_TARGET = 13.2;
				MTL_ENABLE_DEBUG_INFO = NO;
				MTL_FAST_MATH = YES;
				SDKROOT = iphoneos;
				SWIFT_COMPILATION_MODE = wholemodule;
				SWIFT_OPTIMIZATION_LEVEL = "-O";
				VALIDATE_PRODUCT = YES;
			};
			name = Release;
		};
		B397453123F4F93A00604316 /* Debug */ = {
			isa = XCBuildConfiguration;
			baseConfigurationReference = E6C0E536FE5F4B980A4795E8 /* Pods-SnowRental.debug.xcconfig */;
			buildSettings = {
				ASSETCATALOG_COMPILER_APPICON_NAME = AppIcon;
				CODE_SIGN_ENTITLEMENTS = SnowRental/SnowRentalDebug.entitlements;
				CODE_SIGN_STYLE = Automatic;
				DEVELOPMENT_TEAM = S879Z9A2RC;
				GCC_NO_COMMON_BLOCKS = YES;
				INFOPLIST_FILE = SnowRental/Info.plist;
				IPHONEOS_DEPLOYMENT_TARGET = 13.2;
				LD_RUNPATH_SEARCH_PATHS = (
					"$(inherited)",
					"@executable_path/Frameworks",
				);
				OTHER_LDFLAGS = (
					"$(inherited)",
					"-ObjC",
					"-l\"c++\"",
					"-l\"icucore\"",
					"-l\"sqlite3\"",
					"-l\"z\"",
					"-framework",
					"\"Alamofire\"",
					"-framework",
					"\"CFNetwork\"",
					"-framework",
					"\"FBLPromises\"",
					"-framework",
					"\"FIRAnalyticsConnector\"",
					"-framework",
					"\"FirebaseAnalytics\"",
					"-framework",
					"\"FirebaseAuth\"",
					"-framework",
					"\"FirebaseCore\"",
					"-framework",
					"\"FirebaseCoreDiagnostics\"",
					"-framework",
					"\"FirebaseDatabase\"",
					"-framework",
					"\"FirebaseInstallations\"",
					"-framework",
					"\"FirebaseInstanceID\"",
					"-framework",
					"\"FirebaseStorage\"",
					"-framework",
					"\"Foundation\"",
					"-framework",
					"\"GTMSessionFetcher\"",
					"-framework",
					"\"GoogleAppMeasurement\"",
					"-framework",
					"\"GoogleDataTransport\"",
					"-framework",
					"\"GoogleDataTransportCCTSupport\"",
					"-framework",
					"\"GoogleUtilities\"",
					"-framework",
					"\"MobileCoreServices\"",
					"-framework",
					"\"SafariServices\"",
					"-framework",
					"\"Security\"",
					"-framework",
					"\"StoreKit\"",
					"-framework",
					"\"SwiftyJSON\"",
					"-framework",
					"\"SystemConfiguration\"",
					"-framework",
					"\"UIKit\"",
					"-framework",
					"\"leveldb\"",
					"-framework",
					"\"nanopb\"",
				);
				PRODUCT_BUNDLE_IDENTIFIER = JoshKardos.SnowRental;
				PRODUCT_NAME = "$(TARGET_NAME)";
				PROVISIONING_PROFILE_SPECIFIER = "";
				SWIFT_OBJC_BRIDGING_HEADER = "";
				SWIFT_VERSION = 5.0;
				TARGETED_DEVICE_FAMILY = "1,2";
			};
			name = Debug;
		};
		B397453223F4F93A00604316 /* Release */ = {
			isa = XCBuildConfiguration;
			baseConfigurationReference = 37F69FB5023B3EB919F6E90D /* Pods-SnowRental.release.xcconfig */;
			buildSettings = {
				ASSETCATALOG_COMPILER_APPICON_NAME = AppIcon;
				CODE_SIGN_STYLE = Automatic;
				DEVELOPMENT_TEAM = S879Z9A2RC;
				GCC_NO_COMMON_BLOCKS = YES;
				INFOPLIST_FILE = SnowRental/Info.plist;
				IPHONEOS_DEPLOYMENT_TARGET = 13.2;
				LD_RUNPATH_SEARCH_PATHS = (
					"$(inherited)",
					"@executable_path/Frameworks",
				);
				OTHER_LDFLAGS = (
					"$(inherited)",
					"-ObjC",
					"-l\"c++\"",
					"-l\"icucore\"",
					"-l\"sqlite3\"",
					"-l\"z\"",
					"-framework",
					"\"Alamofire\"",
					"-framework",
					"\"CFNetwork\"",
					"-framework",
					"\"FBLPromises\"",
					"-framework",
					"\"FIRAnalyticsConnector\"",
					"-framework",
					"\"FirebaseAnalytics\"",
					"-framework",
					"\"FirebaseAuth\"",
					"-framework",
					"\"FirebaseCore\"",
					"-framework",
					"\"FirebaseCoreDiagnostics\"",
					"-framework",
					"\"FirebaseDatabase\"",
					"-framework",
					"\"FirebaseInstallations\"",
					"-framework",
					"\"FirebaseInstanceID\"",
					"-framework",
					"\"FirebaseStorage\"",
					"-framework",
					"\"Foundation\"",
					"-framework",
					"\"GTMSessionFetcher\"",
					"-framework",
					"\"GoogleAppMeasurement\"",
					"-framework",
					"\"GoogleDataTransport\"",
					"-framework",
					"\"GoogleDataTransportCCTSupport\"",
					"-framework",
					"\"GoogleUtilities\"",
					"-framework",
					"\"MobileCoreServices\"",
					"-framework",
					"\"SafariServices\"",
					"-framework",
					"\"Security\"",
					"-framework",
					"\"StoreKit\"",
					"-framework",
					"\"SwiftyJSON\"",
					"-framework",
					"\"SystemConfiguration\"",
					"-framework",
					"\"UIKit\"",
					"-framework",
					"\"leveldb\"",
					"-framework",
					"\"nanopb\"",
				);
				PRODUCT_BUNDLE_IDENTIFIER = JoshKardos.SnowRental;
				PRODUCT_NAME = "$(TARGET_NAME)";
				SWIFT_OBJC_BRIDGING_HEADER = "";
				SWIFT_VERSION = 5.0;
				TARGETED_DEVICE_FAMILY = "1,2";
			};
			name = Release;
		};
		B397453423F4F93A00604316 /* Debug */ = {
			isa = XCBuildConfiguration;
			baseConfigurationReference = D46B7D587AEC9C102BCB32C0 /* Pods-SnowRentalTests.debug.xcconfig */;
			buildSettings = {
				ALWAYS_EMBED_SWIFT_STANDARD_LIBRARIES = YES;
				BUNDLE_LOADER = "$(TEST_HOST)";
				CODE_SIGN_STYLE = Automatic;
				DEVELOPMENT_TEAM = S879Z9A2RC;
				INFOPLIST_FILE = SnowRentalTests/Info.plist;
				IPHONEOS_DEPLOYMENT_TARGET = 13.2;
				LD_RUNPATH_SEARCH_PATHS = (
					"$(inherited)",
					"@executable_path/Frameworks",
					"@loader_path/Frameworks",
				);
				PRODUCT_BUNDLE_IDENTIFIER = JoshKardos.SnowRentalTests;
				PRODUCT_NAME = "$(TARGET_NAME)";
				SWIFT_VERSION = 5.0;
				TARGETED_DEVICE_FAMILY = "1,2";
				TEST_HOST = "$(BUILT_PRODUCTS_DIR)/SnowRental.app/SnowRental";
			};
			name = Debug;
		};
		B397453523F4F93A00604316 /* Release */ = {
			isa = XCBuildConfiguration;
			baseConfigurationReference = 20350B00D655B26E0E3DB06E /* Pods-SnowRentalTests.release.xcconfig */;
			buildSettings = {
				ALWAYS_EMBED_SWIFT_STANDARD_LIBRARIES = YES;
				BUNDLE_LOADER = "$(TEST_HOST)";
				CODE_SIGN_STYLE = Automatic;
				DEVELOPMENT_TEAM = S879Z9A2RC;
				INFOPLIST_FILE = SnowRentalTests/Info.plist;
				IPHONEOS_DEPLOYMENT_TARGET = 13.2;
				LD_RUNPATH_SEARCH_PATHS = (
					"$(inherited)",
					"@executable_path/Frameworks",
					"@loader_path/Frameworks",
				);
				PRODUCT_BUNDLE_IDENTIFIER = JoshKardos.SnowRentalTests;
				PRODUCT_NAME = "$(TARGET_NAME)";
				SWIFT_VERSION = 5.0;
				TARGETED_DEVICE_FAMILY = "1,2";
				TEST_HOST = "$(BUILT_PRODUCTS_DIR)/SnowRental.app/SnowRental";
			};
			name = Release;
		};
		B397453723F4F93A00604316 /* Debug */ = {
			isa = XCBuildConfiguration;
			baseConfigurationReference = B72B0BDE0C5181C702B98C6F /* Pods-SnowRental-SnowRentalUITests.debug.xcconfig */;
			buildSettings = {
				ALWAYS_EMBED_SWIFT_STANDARD_LIBRARIES = YES;
				CODE_SIGN_STYLE = Automatic;
				DEVELOPMENT_TEAM = S879Z9A2RC;
				INFOPLIST_FILE = SnowRentalUITests/Info.plist;
				LD_RUNPATH_SEARCH_PATHS = (
					"$(inherited)",
					"@executable_path/Frameworks",
					"@loader_path/Frameworks",
				);
				PRODUCT_BUNDLE_IDENTIFIER = JoshKardos.SnowRentalUITests;
				PRODUCT_NAME = "$(TARGET_NAME)";
				SWIFT_VERSION = 5.0;
				TARGETED_DEVICE_FAMILY = "1,2";
				TEST_TARGET_NAME = SnowRental;
			};
			name = Debug;
		};
		B397453823F4F93A00604316 /* Release */ = {
			isa = XCBuildConfiguration;
			baseConfigurationReference = E2CFF2FA4EEC69BAED26AEE6 /* Pods-SnowRental-SnowRentalUITests.release.xcconfig */;
			buildSettings = {
				ALWAYS_EMBED_SWIFT_STANDARD_LIBRARIES = YES;
				CODE_SIGN_STYLE = Automatic;
				DEVELOPMENT_TEAM = S879Z9A2RC;
				INFOPLIST_FILE = SnowRentalUITests/Info.plist;
				LD_RUNPATH_SEARCH_PATHS = (
					"$(inherited)",
					"@executable_path/Frameworks",
					"@loader_path/Frameworks",
				);
				PRODUCT_BUNDLE_IDENTIFIER = JoshKardos.SnowRentalUITests;
				PRODUCT_NAME = "$(TARGET_NAME)";
				SWIFT_VERSION = 5.0;
				TARGETED_DEVICE_FAMILY = "1,2";
				TEST_TARGET_NAME = SnowRental;
			};
			name = Release;
		};
/* End XCBuildConfiguration section */

/* Begin XCConfigurationList section */
		B39744FC23F4F93900604316 /* Build configuration list for PBXProject "SnowRental" */ = {
			isa = XCConfigurationList;
			buildConfigurations = (
				B397452E23F4F93A00604316 /* Debug */,
				B397452F23F4F93A00604316 /* Release */,
			);
			defaultConfigurationIsVisible = 0;
			defaultConfigurationName = Release;
		};
		B397453023F4F93A00604316 /* Build configuration list for PBXNativeTarget "SnowRental" */ = {
			isa = XCConfigurationList;
			buildConfigurations = (
				B397453123F4F93A00604316 /* Debug */,
				B397453223F4F93A00604316 /* Release */,
			);
			defaultConfigurationIsVisible = 0;
			defaultConfigurationName = Release;
		};
		B397453323F4F93A00604316 /* Build configuration list for PBXNativeTarget "SnowRentalTests" */ = {
			isa = XCConfigurationList;
			buildConfigurations = (
				B397453423F4F93A00604316 /* Debug */,
				B397453523F4F93A00604316 /* Release */,
			);
			defaultConfigurationIsVisible = 0;
			defaultConfigurationName = Release;
		};
		B397453623F4F93A00604316 /* Build configuration list for PBXNativeTarget "SnowRentalUITests" */ = {
			isa = XCConfigurationList;
			buildConfigurations = (
				B397453723F4F93A00604316 /* Debug */,
				B397453823F4F93A00604316 /* Release */,
			);
			defaultConfigurationIsVisible = 0;
			defaultConfigurationName = Release;
		};
/* End XCConfigurationList section */

/* Begin XCVersionGroup section */
		B397450F23F4F93900604316 /* SnowRental.xcdatamodeld */ = {
			isa = XCVersionGroup;
			children = (
				B397451023F4F93900604316 /* SnowRental.xcdatamodel */,
			);
			currentVersion = B397451023F4F93900604316 /* SnowRental.xcdatamodel */;
			path = SnowRental.xcdatamodeld;
			sourceTree = "<group>";
			versionGroupType = wrapper.xcdatamodel;
		};
/* End XCVersionGroup section */
	};
	rootObject = B39744F923F4F93900604316 /* Project object */;
}
